{
  "name": "typescript-playground",
  "version": "1.0.0",
  "lockfileVersion": 2,
  "requires": true,
  "packages": {
    "": {
      "name": "typescript-playground",
      "version": "1.0.0",
      "license": "ISC",
      "dependencies": {
        "@types/aws-lambda": "^8.10.72",
        "typescript": "^4.1.2"
      }
    },
    "node_modules/@types/aws-lambda": {
      "version": "8.10.72",
      "resolved": "https://registry.npmjs.org/@types/aws-lambda/-/aws-lambda-8.10.72.tgz",
      "integrity": "sha512-jOrTwAhSiUtBIN/QsWNKlI4+4aDtpZ0sr2BRvKW6XQZdspgHUSHPcuzxbzCRiHUiDQ+0026u5TSE38VyIhNnfA=="
    },
    "node_modules/typescript": {
      "version": "4.1.2",
      "resolved": "https://registry.npmjs.org/typescript/-/typescript-4.1.2.tgz",
      "integrity": "sha512-thGloWsGH3SOxv1SoY7QojKi0tc+8FnOmiarEGMbd/lar7QOEd3hvlx3Fp5y6FlDUGl9L+pd4n2e+oToGMmhRQ==",
      "bin": {
        "tsc": "bin/tsc",
        "tsserver": "bin/tsserver"
      },
      "engines": {
        "node": ">=4.2.0"
      }
    }
  },
  "dependencies": {
    "@types/aws-lambda": {
      "version": "8.10.72",
      "resolved": "https://registry.npmjs.org/@types/aws-lambda/-/aws-lambda-8.10.72.tgz",
      "integrity": "sha512-jOrTwAhSiUtBIN/QsWNKlI4+4aDtpZ0sr2BRvKW6XQZdspgHUSHPcuzxbzCRiHUiDQ+0026u5TSE38VyIhNnfA=="
    },
    "typescript": {
      "version": "4.1.2",
      "resolved": "https://registry.npmjs.org/typescript/-/typescript-4.1.2.tgz",
      "integrity": "sha512-thGloWsGH3SOxv1SoY7QojKi0tc+8FnOmiarEGMbd/lar7QOEd3hvlx3Fp5y6FlDUGl9L+pd4n2e+oToGMmhRQ=="
    }
  }
}
